
Microsoft Visual Studio Solution File, Format Version 12.00
# Visual Studio Version 17
VisualStudioVersion = 17.14.36401.2 d17.14
MinimumVisualStudioVersion = 10.0.40219.1
Project("{FAE04EC0-301F-11D3-BF4B-00C04F79EFBC}") = "RiskierWas", "RiskierWas.csproj", "{2AE6B45D-12AD-D13F-D388-BE4BE7CC128B}"
EndProject
Global
	GlobalSection(SolutionConfigurationPlatforms) = preSolution
		Debug|Any CPU = Debug|Any CPU
		Release|Any CPU = Release|Any CPU
	EndGlobalSection
	GlobalSection(ProjectConfigurationPlatforms) = postSolution
		{2AE6B45D-12AD-D13F-D388-BE4BE7CC128B}.Debug|Any CPU.ActiveCfg = Debug|Any CPU
		{2AE6B45D-12AD-D13F-D388-BE4BE7CC128B}.Debug|Any CPU.Build.0 = Debug|Any CPU
		{2AE6B45D-12AD-D13F-D388-BE4BE7CC128B}.Release|Any CPU.ActiveCfg = Release|Any CPU
		{2AE6B45D-12AD-D13F-D388-BE4BE7CC128B}.Release|Any CPU.Build.0 = Release|Any CPU
	EndGlobalSection
	GlobalSection(SolutionProperties) = preSolution
		HideSolutionNode = FALSE
	EndGlobalSection
	GlobalSection(ExtensibilityGlobals) = postSolution
		SolutionGuid = {64277FD5-39AB-4EAF-9AF1-AC48D4414BE3}
	EndGlobalSection
EndGlobal
